
Microsoft Visual Studio Solution File, Format Version 12.00
# Visual Studio Version 17
VisualStudioVersion = 17.7.34202.233
MinimumVisualStudioVersion = 10.0.40219.1
Project("{FAE04EC0-301F-11D3-BF4B-00C04F79EFBC}") = "BezierWpf.NETFramework", "BezierWpf.NETFramework\BezierWpf.NETFramework.csproj", "{38BF0B69-8AC7-4649-9BB1-F707970EB9ED}"
EndProject
Project("{FAE04EC0-301F-11D3-BF4B-00C04F79EFBC}") = "BezierWinForm.NETFramework", "BezierWinForm.NETFramework\BezierWinForm.NETFramework.csproj", "{093BAF21-2AE8-4B9D-8018-6C068AAE8B7F}"
EndProject
Project("{8BC9CEB8-8B4A-11D0-8D11-00A0C91BC942}") = "BezierWin32", "BezierWin32\BezierWin32.vcxproj", "{96852EB1-B22C-4747-8E52-6B3CF4AEAAFF}"
EndProject
Project("{9A19103F-16F7-4668-BE54-9A1E7A4F7556}") = "BezierWinForm", "BezierWinForm\BezierWinForm.csproj", "{11645579-439B-418D-9A3C-55369AEF9E21}"
EndProject
Project("{9A19103F-16F7-4668-BE54-9A1E7A4F7556}") = "BezierWpf", "BezierWpf\BezierWpf.csproj", "{DDA279D3-A544-435B-8E52-75C351302282}"
EndProject
Project("{2150E333-8FDC-42A3-9474-1A3956D46DE8}") = "Documents", "Documents", "{A34754FF-0658-4A13-89D4-6E6E71209A73}"
	ProjectSection(SolutionItems) = preProject
		LICENSE.txt = LICENSE.txt
		README.md = README.md
	EndProjectSection
EndProject
Project("{FAE04EC0-301F-11D3-BF4B-00C04F79EFBC}") = "WpfCad2Lib.Core", "WpfCad2Lib.Core\WpfCad2Lib.Core.csproj", "{E6F5141D-C888-48A4-A5FB-5C2A24D7F1C3}"
EndProject
Project("{FAE04EC0-301F-11D3-BF4B-00C04F79EFBC}") = "WpfCad2Lib.Wpf", "WpfCad2Lib.Wpf\WpfCad2Lib.Wpf.csproj", "{34C871CD-8525-4599-AD73-49C1F99BB79E}"
EndProject
Project("{FAE04EC0-301F-11D3-BF4B-00C04F79EFBC}") = "WpfCad2Lib.TestApp", "WpfCad2Lib.TestApp\WpfCad2Lib.TestApp.csproj", "{2C1EB220-D603-476F-AF60-A77C386C5541}"
EndProject
Global
	GlobalSection(SolutionConfigurationPlatforms) = preSolution
		Debug|Any CPU = Debug|Any CPU
		Debug|x64 = Debug|x64
		Debug|x86 = Debug|x86
		Release|Any CPU = Release|Any CPU
		Release|x64 = Release|x64
		Release|x86 = Release|x86
	EndGlobalSection
	GlobalSection(ProjectConfigurationPlatforms) = postSolution
		{38BF0B69-8AC7-4649-9BB1-F707970EB9ED}.Debug|Any CPU.ActiveCfg = Debug|Any CPU
		{38BF0B69-8AC7-4649-9BB1-F707970EB9ED}.Debug|Any CPU.Build.0 = Debug|Any CPU
		{38BF0B69-8AC7-4649-9BB1-F707970EB9ED}.Debug|x64.ActiveCfg = Debug|Any CPU
		{38BF0B69-8AC7-4649-9BB1-F707970EB9ED}.Debug|x64.Build.0 = Debug|Any CPU
		{38BF0B69-8AC7-4649-9BB1-F707970EB9ED}.Debug|x86.ActiveCfg = Debug|Any CPU
		{38BF0B69-8AC7-4649-9BB1-F707970EB9ED}.Debug|x86.Build.0 = Debug|Any CPU
		{38BF0B69-8AC7-4649-9BB1-F707970EB9ED}.Release|Any CPU.ActiveCfg = Release|Any CPU
		{38BF0B69-8AC7-4649-9BB1-F707970EB9ED}.Release|Any CPU.Build.0 = Release|Any CPU
		{38BF0B69-8AC7-4649-9BB1-F707970EB9ED}.Release|x64.ActiveCfg = Release|Any CPU
		{38BF0B69-8AC7-4649-9BB1-F707970EB9ED}.Release|x64.Build.0 = Release|Any CPU
		{38BF0B69-8AC7-4649-9BB1-F707970EB9ED}.Release|x86.ActiveCfg = Release|Any CPU
		{38BF0B69-8AC7-4649-9BB1-F707970EB9ED}.Release|x86.Build.0 = Release|Any CPU
		{093BAF21-2AE8-4B9D-8018-6C068AAE8B7F}.Debug|Any CPU.ActiveCfg = Debug|Any CPU
		{093BAF21-2AE8-4B9D-8018-6C068AAE8B7F}.Debug|Any CPU.Build.0 = Debug|Any CPU
		{093BAF21-2AE8-4B9D-8018-6C068AAE8B7F}.Debug|x64.ActiveCfg = Debug|Any CPU
		{093BAF21-2AE8-4B9D-8018-6C068AAE8B7F}.Debug|x64.Build.0 = Debug|Any CPU
		{093BAF21-2AE8-4B9D-8018-6C068AAE8B7F}.Debug|x86.ActiveCfg = Debug|Any CPU
		{093BAF21-2AE8-4B9D-8018-6C068AAE8B7F}.Debug|x86.Build.0 = Debug|Any CPU
		{093BAF21-2AE8-4B9D-8018-6C068AAE8B7F}.Release|Any CPU.ActiveCfg = Release|Any CPU
		{093BAF21-2AE8-4B9D-8018-6C068AAE8B7F}.Release|Any CPU.Build.0 = Release|Any CPU
		{093BAF21-2AE8-4B9D-8018-6C068AAE8B7F}.Release|x64.ActiveCfg = Release|Any CPU
		{093BAF21-2AE8-4B9D-8018-6C068AAE8B7F}.Release|x64.Build.0 = Release|Any CPU
		{093BAF21-2AE8-4B9D-8018-6C068AAE8B7F}.Release|x86.ActiveCfg = Release|Any CPU
		{093BAF21-2AE8-4B9D-8018-6C068AAE8B7F}.Release|x86.Build.0 = Release|Any CPU
		{96852EB1-B22C-4747-8E52-6B3CF4AEAAFF}.Debug|Any CPU.ActiveCfg = Debug|x64
		{96852EB1-B22C-4747-8E52-6B3CF4AEAAFF}.Debug|Any CPU.Build.0 = Debug|x64
		{96852EB1-B22C-4747-8E52-6B3CF4AEAAFF}.Debug|x64.ActiveCfg = Debug|x64
		{96852EB1-B22C-4747-8E52-6B3CF4AEAAFF}.Debug|x64.Build.0 = Debug|x64
		{96852EB1-B22C-4747-8E52-6B3CF4AEAAFF}.Debug|x86.ActiveCfg = Debug|Win32
		{96852EB1-B22C-4747-8E52-6B3CF4AEAAFF}.Debug|x86.Build.0 = Debug|Win32
		{96852EB1-B22C-4747-8E52-6B3CF4AEAAFF}.Release|Any CPU.ActiveCfg = Release|x64
		{96852EB1-B22C-4747-8E52-6B3CF4AEAAFF}.Release|Any CPU.Build.0 = Release|x64
		{96852EB1-B22C-4747-8E52-6B3CF4AEAAFF}.Release|x64.ActiveCfg = Release|x64
		{96852EB1-B22C-4747-8E52-6B3CF4AEAAFF}.Release|x64.Build.0 = Release|x64
		{96852EB1-B22C-4747-8E52-6B3CF4AEAAFF}.Release|x86.ActiveCfg = Release|Win32
		{96852EB1-B22C-4747-8E52-6B3CF4AEAAFF}.Release|x86.Build.0 = Release|Win32
		{11645579-439B-418D-9A3C-55369AEF9E21}.Debug|Any CPU.ActiveCfg = Debug|Any CPU
		{11645579-439B-418D-9A3C-55369AEF9E21}.Debug|Any CPU.Build.0 = Debug|Any CPU
		{11645579-439B-418D-9A3C-55369AEF9E21}.Debug|x64.ActiveCfg = Debug|Any CPU
		{11645579-439B-418D-9A3C-55369AEF9E21}.Debug|x64.Build.0 = Debug|Any CPU
		{11645579-439B-418D-9A3C-55369AEF9E21}.Debug|x86.ActiveCfg = Debug|Any CPU
		{11645579-439B-418D-9A3C-55369AEF9E21}.Debug|x86.Build.0 = Debug|Any CPU
		{11645579-439B-418D-9A3C-55369AEF9E21}.Release|Any CPU.ActiveCfg = Release|Any CPU
		{11645579-439B-418D-9A3C-55369AEF9E21}.Release|Any CPU.Build.0 = Release|Any CPU
		{11645579-439B-418D-9A3C-55369AEF9E21}.Release|x64.ActiveCfg = Release|Any CPU
		{11645579-439B-418D-9A3C-55369AEF9E21}.Release|x64.Build.0 = Release|Any CPU
		{11645579-439B-418D-9A3C-55369AEF9E21}.Release|x86.ActiveCfg = Release|Any CPU
		{11645579-439B-418D-9A3C-55369AEF9E21}.Release|x86.Build.0 = Release|Any CPU
		{DDA279D3-A544-435B-8E52-75C351302282}.Debug|Any CPU.ActiveCfg = Debug|Any CPU
		{DDA279D3-A544-435B-8E52-75C351302282}.Debug|Any CPU.Build.0 = Debug|Any CPU
		{DDA279D3-A544-435B-8E52-75C351302282}.Debug|x64.ActiveCfg = Debug|Any CPU
		{DDA279D3-A544-435B-8E52-75C351302282}.Debug|x64.Build.0 = Debug|Any CPU
		{DDA279D3-A544-435B-8E52-75C351302282}.Debug|x86.ActiveCfg = Debug|Any CPU
		{DDA279D3-A544-435B-8E52-75C351302282}.Debug|x86.Build.0 = Debug|Any CPU
		{DDA279D3-A544-435B-8E52-75C351302282}.Release|Any CPU.ActiveCfg = Release|Any CPU
		{DDA279D3-A544-435B-8E52-75C351302282}.Release|Any CPU.Build.0 = Release|Any CPU
		{DDA279D3-A544-435B-8E52-75C351302282}.Release|x64.ActiveCfg = Release|Any CPU
		{DDA279D3-A544-435B-8E52-75C351302282}.Release|x64.Build.0 = Release|Any CPU
		{DDA279D3-A544-435B-8E52-75C351302282}.Release|x86.ActiveCfg = Release|Any CPU
		{DDA279D3-A544-435B-8E52-75C351302282}.Release|x86.Build.0 = Release|Any CPU
		{E6F5141D-C888-48A4-A5FB-5C2A24D7F1C3}.Debug|Any CPU.ActiveCfg = Debug|Any CPU
		{E6F5141D-C888-48A4-A5FB-5C2A24D7F1C3}.Debug|Any CPU.Build.0 = Debug|Any CPU
		{E6F5141D-C888-48A4-A5FB-5C2A24D7F1C3}.Debug|x64.ActiveCfg = Debug|Any CPU
		{E6F5141D-C888-48A4-A5FB-5C2A24D7F1C3}.Debug|x64.Build.0 = Debug|Any CPU
		{E6F5141D-C888-48A4-A5FB-5C2A24D7F1C3}.Debug|x86.ActiveCfg = Debug|Any CPU
		{E6F5141D-C888-48A4-A5FB-5C2A24D7F1C3}.Debug|x86.Build.0 = Debug|Any CPU
		{E6F5141D-C888-48A4-A5FB-5C2A24D7F1C3}.Release|Any CPU.ActiveCfg = Release|Any CPU
		{E6F5141D-C888-48A4-A5FB-5C2A24D7F1C3}.Release|Any CPU.Build.0 = Release|Any CPU
		{E6F5141D-C888-48A4-A5FB-5C2A24D7F1C3}.Release|x64.ActiveCfg = Release|Any CPU
		{E6F5141D-C888-48A4-A5FB-5C2A24D7F1C3}.Release|x64.Build.0 = Release|Any CPU
		{E6F5141D-C888-48A4-A5FB-5C2A24D7F1C3}.Release|x86.ActiveCfg = Release|Any CPU
		{E6F5141D-C888-48A4-A5FB-5C2A24D7F1C3}.Release|x86.Build.0 = Release|Any CPU
		{34C871CD-8525-4599-AD73-49C1F99BB79E}.Debug|Any CPU.ActiveCfg = Debug|Any CPU
		{34C871CD-8525-4599-AD73-49C1F99BB79E}.Debug|Any CPU.Build.0 = Debug|Any CPU
		{34C871CD-8525-4599-AD73-49C1F99BB79E}.Debug|x64.ActiveCfg = Debug|Any CPU
		{34C871CD-8525-4599-AD73-49C1F99BB79E}.Debug|x64.Build.0 = Debug|Any CPU
		{34C871CD-8525-4599-AD73-49C1F99BB79E}.Debug|x86.ActiveCfg = Debug|Any CPU
		{34C871CD-8525-4599-AD73-49C1F99BB79E}.Debug|x86.Build.0 = Debug|Any CPU
		{34C871CD-8525-4599-AD73-49C1F99BB79E}.Release|Any CPU.ActiveCfg = Release|Any CPU
		{34C871CD-8525-4599-AD73-49C1F99BB79E}.Release|Any CPU.Build.0 = Release|Any CPU
		{34C871CD-8525-4599-AD73-49C1F99BB79E}.Release|x64.ActiveCfg = Release|Any CPU
		{34C871CD-8525-4599-AD73-49C1F99BB79E}.Release|x64.Build.0 = Release|Any CPU
		{34C871CD-8525-4599-AD73-49C1F99BB79E}.Release|x86.ActiveCfg = Release|Any CPU
		{34C871CD-8525-4599-AD73-49C1F99BB79E}.Release|x86.Build.0 = Release|Any CPU
		{2C1EB220-D603-476F-AF60-A77C386C5541}.Debug|Any CPU.ActiveCfg = Debug|Any CPU
		{2C1EB220-D603-476F-AF60-A77C386C5541}.Debug|Any CPU.Build.0 = Debug|Any CPU
		{2C1EB220-D603-476F-AF60-A77C386C5541}.Debug|x64.ActiveCfg = Debug|Any CPU
		{2C1EB220-D603-476F-AF60-A77C386C5541}.Debug|x64.Build.0 = Debug|Any CPU
		{2C1EB220-D603-476F-AF60-A77C386C5541}.Debug|x86.ActiveCfg = Debug|Any CPU
		{2C1EB220-D603-476F-AF60-A77C386C5541}.Debug|x86.Build.0 = Debug|Any CPU
		{2C1EB220-D603-476F-AF60-A77C386C5541}.Release|Any CPU.ActiveCfg = Release|Any CPU
		{2C1EB220-D603-476F-AF60-A77C386C5541}.Release|Any CPU.Build.0 = Release|Any CPU
		{2C1EB220-D603-476F-AF60-A77C386C5541}.Release|x64.ActiveCfg = Release|Any CPU
		{2C1EB220-D603-476F-AF60-A77C386C5541}.Release|x64.Build.0 = Release|Any CPU
		{2C1EB220-D603-476F-AF60-A77C386C5541}.Release|x86.ActiveCfg = Release|Any CPU
		{2C1EB220-D603-476F-AF60-A77C386C5541}.Release|x86.Build.0 = Release|Any CPU
	EndGlobalSection
	GlobalSection(SolutionProperties) = preSolution
		HideSolutionNode = FALSE
	EndGlobalSection
	GlobalSection(ExtensibilityGlobals) = postSolution
		SolutionGuid = {52098EB7-DFF5-4117-910B-645C46B697FC}
	EndGlobalSection
EndGlobal
